
Microsoft Visual Studio Solution File, Format Version 12.00
# Visual Studio Version 16
VisualStudioVersion = 16.0.31515.178
MinimumVisualStudioVersion = 10.0.40219.1
Project("{FAE04EC0-301F-11D3-BF4B-00C04F79EFBC}") = "TottenhamHotspurs", "TottenhamHotspurs\TottenhamHotspurs.csproj", "{8F28703C-0EEE-4E83-A568-B96EE75086E2}"
EndProject
Global
	GlobalSection(SolutionConfigurationPlatforms) = preSolution
		Debug|Any CPU = Debug|Any CPU
		Release|Any CPU = Release|Any CPU
	EndGlobalSection
	GlobalSection(ProjectConfigurationPlatforms) = postSolution
		{8F28703C-0EEE-4E83-A568-B96EE75086E2}.Debug|Any CPU.ActiveCfg = Debug|Any CPU
		{8F28703C-0EEE-4E83-A568-B96EE75086E2}.Debug|Any CPU.Build.0 = Debug|Any CPU
		{8F28703C-0EEE-4E83-A568-B96EE75086E2}.Release|Any CPU.ActiveCfg = Release|Any CPU
		{8F28703C-0EEE-4E83-A568-B96EE75086E2}.Release|Any CPU.Build.0 = Release|Any CPU
	EndGlobalSection
	GlobalSection(SolutionProperties) = preSolution
		HideSolutionNode = FALSE
	EndGlobalSection
	GlobalSection(ExtensibilityGlobals) = postSolution
		SolutionGuid = {E35B0FD0-0A8D-46C2-BB9E-C2376770565B}
	EndGlobalSection
EndGlobal
